
Microsoft Visual Studio Solution File, Format Version 12.00
# Visual Studio Version 16
VisualStudioVersion = 16.0.31624.102
MinimumVisualStudioVersion = 10.0.40219.1
Project("{FAE04EC0-301F-11D3-BF4B-00C04F79EFBC}") = "AutoCADStarter", "AutoCADStarter\AutoCADStarter.csproj", "{B6F2EC40-2C3C-4A01-A6BD-FFE432300BF7}"
EndProject
Project("{FAE04EC0-301F-11D3-BF4B-00C04F79EFBC}") = "RocketPlugin.UI", "RocketPlugin.UI\RocketPlugin.UI.csproj", "{AB489376-A1F9-43B1-BD46-35369E849795}"
EndProject
Project("{FAE04EC0-301F-11D3-BF4B-00C04F79EFBC}") = "RocketPlugin.BL", "RocketPlugin.BL\RocketPlugin.BL.csproj", "{08CA8AB3-1B8D-48C1-8589-7AA7A7F0CDB2}"
EndProject
Project("{FAE04EC0-301F-11D3-BF4B-00C04F79EFBC}") = "RocketPlugin.Builder", "RocketPlugin.Builder\RocketPlugin.Builder.csproj", "{34103DAE-18CC-4492-B2AE-E9F18D892C1B}"
EndProject
Project("{FAE04EC0-301F-11D3-BF4B-00C04F79EFBC}") = "AutoCADConnector", "AutoCADConnector\AutoCADConnector.csproj", "{B0BBEC3D-BEB1-4ECD-8686-98164ADAD3E2}"
EndProject
Project("{FAE04EC0-301F-11D3-BF4B-00C04F79EFBC}") = "RocketPlugin.Tests", "RocketPlugin.Tests\RocketPlugin.Tests.csproj", "{3D3E3546-84F1-4275-A9B5-60B7A2F6906E}"
EndProject
Global
	GlobalSection(SolutionConfigurationPlatforms) = preSolution
		Debug|Any CPU = Debug|Any CPU
		Release|Any CPU = Release|Any CPU
	EndGlobalSection
	GlobalSection(ProjectConfigurationPlatforms) = postSolution
		{B6F2EC40-2C3C-4A01-A6BD-FFE432300BF7}.Debug|Any CPU.ActiveCfg = Debug|Any CPU
		{B6F2EC40-2C3C-4A01-A6BD-FFE432300BF7}.Debug|Any CPU.Build.0 = Debug|Any CPU
		{B6F2EC40-2C3C-4A01-A6BD-FFE432300BF7}.Release|Any CPU.ActiveCfg = Release|Any CPU
		{B6F2EC40-2C3C-4A01-A6BD-FFE432300BF7}.Release|Any CPU.Build.0 = Release|Any CPU
		{AB489376-A1F9-43B1-BD46-35369E849795}.Debug|Any CPU.ActiveCfg = Debug|Any CPU
		{AB489376-A1F9-43B1-BD46-35369E849795}.Debug|Any CPU.Build.0 = Debug|Any CPU
		{AB489376-A1F9-43B1-BD46-35369E849795}.Release|Any CPU.ActiveCfg = Release|Any CPU
		{AB489376-A1F9-43B1-BD46-35369E849795}.Release|Any CPU.Build.0 = Release|Any CPU
		{08CA8AB3-1B8D-48C1-8589-7AA7A7F0CDB2}.Debug|Any CPU.ActiveCfg = Debug|Any CPU
		{08CA8AB3-1B8D-48C1-8589-7AA7A7F0CDB2}.Debug|Any CPU.Build.0 = Debug|Any CPU
		{08CA8AB3-1B8D-48C1-8589-7AA7A7F0CDB2}.Release|Any CPU.ActiveCfg = Release|Any CPU
		{08CA8AB3-1B8D-48C1-8589-7AA7A7F0CDB2}.Release|Any CPU.Build.0 = Release|Any CPU
		{34103DAE-18CC-4492-B2AE-E9F18D892C1B}.Debug|Any CPU.ActiveCfg = Debug|Any CPU
		{34103DAE-18CC-4492-B2AE-E9F18D892C1B}.Debug|Any CPU.Build.0 = Debug|Any CPU
		{34103DAE-18CC-4492-B2AE-E9F18D892C1B}.Release|Any CPU.ActiveCfg = Release|Any CPU
		{34103DAE-18CC-4492-B2AE-E9F18D892C1B}.Release|Any CPU.Build.0 = Release|Any CPU
		{B0BBEC3D-BEB1-4ECD-8686-98164ADAD3E2}.Debug|Any CPU.ActiveCfg = Debug|Any CPU
		{B0BBEC3D-BEB1-4ECD-8686-98164ADAD3E2}.Debug|Any CPU.Build.0 = Debug|Any CPU
		{B0BBEC3D-BEB1-4ECD-8686-98164ADAD3E2}.Release|Any CPU.ActiveCfg = Release|Any CPU
		{B0BBEC3D-BEB1-4ECD-8686-98164ADAD3E2}.Release|Any CPU.Build.0 = Release|Any CPU
		{3D3E3546-84F1-4275-A9B5-60B7A2F6906E}.Debug|Any CPU.ActiveCfg = Debug|Any CPU
		{3D3E3546-84F1-4275-A9B5-60B7A2F6906E}.Debug|Any CPU.Build.0 = Debug|Any CPU
		{3D3E3546-84F1-4275-A9B5-60B7A2F6906E}.Release|Any CPU.ActiveCfg = Release|Any CPU
		{3D3E3546-84F1-4275-A9B5-60B7A2F6906E}.Release|Any CPU.Build.0 = Release|Any CPU
	EndGlobalSection
	GlobalSection(SolutionProperties) = preSolution
		HideSolutionNode = FALSE
	EndGlobalSection
	GlobalSection(ExtensibilityGlobals) = postSolution
		SolutionGuid = {822497D2-FA8D-43F5-9A88-0AAB137C9E49}
	EndGlobalSection
EndGlobal
